
Microsoft Visual Studio Solution File, Format Version 12.00
# Visual Studio Version 17
VisualStudioVersion = 17.3.32811.315
MinimumVisualStudioVersion = 10.0.40219.1
Project("{9A19103F-16F7-4668-BE54-9A1E7A4F7556}") = "Pong", "Pong\Pong.csproj", "{02C7EEBF-30DD-4984-AE15-9E8C0B9FE84A}"
EndProject
Project("{9A19103F-16F7-4668-BE54-9A1E7A4F7556}") = "cbradio", "..\..\cbradio\cbradio\cbradio.csproj", "{EE26C1CE-152E-49DE-B81C-6FC82C1A7CDC}"
EndProject
Global
	GlobalSection(SolutionConfigurationPlatforms) = preSolution
		Debug|Any CPU = Debug|Any CPU
		Release|Any CPU = Release|Any CPU
	EndGlobalSection
	GlobalSection(ProjectConfigurationPlatforms) = postSolution
		{02C7EEBF-30DD-4984-AE15-9E8C0B9FE84A}.Debug|Any CPU.ActiveCfg = Debug|Any CPU
		{02C7EEBF-30DD-4984-AE15-9E8C0B9FE84A}.Debug|Any CPU.Build.0 = Debug|Any CPU
		{02C7EEBF-30DD-4984-AE15-9E8C0B9FE84A}.Release|Any CPU.ActiveCfg = Release|Any CPU
		{02C7EEBF-30DD-4984-AE15-9E8C0B9FE84A}.Release|Any CPU.Build.0 = Release|Any CPU
		{EE26C1CE-152E-49DE-B81C-6FC82C1A7CDC}.Debug|Any CPU.ActiveCfg = Debug|Any CPU
		{EE26C1CE-152E-49DE-B81C-6FC82C1A7CDC}.Debug|Any CPU.Build.0 = Debug|Any CPU
		{EE26C1CE-152E-49DE-B81C-6FC82C1A7CDC}.Release|Any CPU.ActiveCfg = Release|Any CPU
		{EE26C1CE-152E-49DE-B81C-6FC82C1A7CDC}.Release|Any CPU.Build.0 = Release|Any CPU
	EndGlobalSection
	GlobalSection(SolutionProperties) = preSolution
		HideSolutionNode = FALSE
	EndGlobalSection
	GlobalSection(ExtensibilityGlobals) = postSolution
		SolutionGuid = {27F47E81-D816-4C0D-A763-A63BF6894F1F}
	EndGlobalSection
EndGlobal
